
Microsoft Visual Studio Solution File, Format Version 12.00
# Visual Studio Version 16
VisualStudioVersion = 16.0.29519.87
MinimumVisualStudioVersion = 10.0.40219.1
Project("{FAE04EC0-301F-11D3-BF4B-00C04F79EFBC}") = "Week9", "Week9\Week9.csproj", "{D9BEFB4B-6DA5-40C1-84BA-B76BA596FD85}"
EndProject
Global
	GlobalSection(SolutionConfigurationPlatforms) = preSolution
		Debug|Any CPU = Debug|Any CPU
		Release|Any CPU = Release|Any CPU
	EndGlobalSection
	GlobalSection(ProjectConfigurationPlatforms) = postSolution
		{D9BEFB4B-6DA5-40C1-84BA-B76BA596FD85}.Debug|Any CPU.ActiveCfg = Debug|Any CPU
		{D9BEFB4B-6DA5-40C1-84BA-B76BA596FD85}.Debug|Any CPU.Build.0 = Debug|Any CPU
		{D9BEFB4B-6DA5-40C1-84BA-B76BA596FD85}.Release|Any CPU.ActiveCfg = Release|Any CPU
		{D9BEFB4B-6DA5-40C1-84BA-B76BA596FD85}.Release|Any CPU.Build.0 = Release|Any CPU
	EndGlobalSection
	GlobalSection(SolutionProperties) = preSolution
		HideSolutionNode = FALSE
	EndGlobalSection
	GlobalSection(ExtensibilityGlobals) = postSolution
		SolutionGuid = {FC048A03-E680-4C9B-A8A3-911AB8E73089}
	EndGlobalSection
EndGlobal
